
Microsoft Visual Studio Solution File, Format Version 12.00
# Visual Studio Version 16
VisualStudioVersion = 16.0.29201.188
MinimumVisualStudioVersion = 10.0.40219.1
Project("{8BC9CEB8-8B4A-11D0-8D11-00A0C91BC942}") = "BinaryTreeTest", "BinaryTreeTest.vcxproj", "{6B26255C-8ED5-4249-8DA4-B247D59BA133}"
EndProject
Global
	GlobalSection(SolutionConfigurationPlatforms) = preSolution
		Debug|x64 = Debug|x64
		Debug|x86 = Debug|x86
		Release|x64 = Release|x64
		Release|x86 = Release|x86
	EndGlobalSection
	GlobalSection(ProjectConfigurationPlatforms) = postSolution
		{6B26255C-8ED5-4249-8DA4-B247D59BA133}.Debug|x64.ActiveCfg = Debug|x64
		{6B26255C-8ED5-4249-8DA4-B247D59BA133}.Debug|x64.Build.0 = Debug|x64
		{6B26255C-8ED5-4249-8DA4-B247D59BA133}.Debug|x86.ActiveCfg = Debug|Win32
		{6B26255C-8ED5-4249-8DA4-B247D59BA133}.Debug|x86.Build.0 = Debug|Win32
		{6B26255C-8ED5-4249-8DA4-B247D59BA133}.Release|x64.ActiveCfg = Release|x64
		{6B26255C-8ED5-4249-8DA4-B247D59BA133}.Release|x64.Build.0 = Release|x64
		{6B26255C-8ED5-4249-8DA4-B247D59BA133}.Release|x86.ActiveCfg = Release|Win32
		{6B26255C-8ED5-4249-8DA4-B247D59BA133}.Release|x86.Build.0 = Release|Win32
	EndGlobalSection
	GlobalSection(SolutionProperties) = preSolution
		HideSolutionNode = FALSE
	EndGlobalSection
	GlobalSection(ExtensibilityGlobals) = postSolution
		SolutionGuid = {684716FB-1435-40DD-BD4B-F70A4F0C1A67}
	EndGlobalSection
EndGlobal
