
Microsoft Visual Studio Solution File, Format Version 12.00
# Visual Studio Version 16
VisualStudioVersion = 16.0.29201.188
MinimumVisualStudioVersion = 10.0.40219.1
Project("{8BC9CEB8-8B4A-11D0-8D11-00A0C91BC942}") = "10102019Test", "10102019Test.vcxproj", "{AE1E1CC1-D98D-4454-975E-C38389E186D7}"
EndProject
Global
	GlobalSection(SolutionConfigurationPlatforms) = preSolution
		Debug|x64 = Debug|x64
		Debug|x86 = Debug|x86
		Release|x64 = Release|x64
		Release|x86 = Release|x86
	EndGlobalSection
	GlobalSection(ProjectConfigurationPlatforms) = postSolution
		{AE1E1CC1-D98D-4454-975E-C38389E186D7}.Debug|x64.ActiveCfg = Debug|x64
		{AE1E1CC1-D98D-4454-975E-C38389E186D7}.Debug|x64.Build.0 = Debug|x64
		{AE1E1CC1-D98D-4454-975E-C38389E186D7}.Debug|x86.ActiveCfg = Debug|Win32
		{AE1E1CC1-D98D-4454-975E-C38389E186D7}.Debug|x86.Build.0 = Debug|Win32
		{AE1E1CC1-D98D-4454-975E-C38389E186D7}.Release|x64.ActiveCfg = Release|x64
		{AE1E1CC1-D98D-4454-975E-C38389E186D7}.Release|x64.Build.0 = Release|x64
		{AE1E1CC1-D98D-4454-975E-C38389E186D7}.Release|x86.ActiveCfg = Release|Win32
		{AE1E1CC1-D98D-4454-975E-C38389E186D7}.Release|x86.Build.0 = Release|Win32
	EndGlobalSection
	GlobalSection(SolutionProperties) = preSolution
		HideSolutionNode = FALSE
	EndGlobalSection
	GlobalSection(ExtensibilityGlobals) = postSolution
		SolutionGuid = {5034A8B3-4CA6-4125-B15C-A7C556BFD26C}
	EndGlobalSection
EndGlobal
